// !$*UTF8*$!
{
	archiveVersion = 1;
	classes = {
	};
	objectVersion = 56;
	objects = {

/* Begin PBXBuildFile section */
		2F0BF9E02B655B2500CEB593 /* RMEpisodeDetailViewController.swift in Sources */ = {isa = PBXBuildFile; fileRef = 2F0BF9DF2B655B2500CEB593 /* RMEpisodeDetailViewController.swift */; };
		2F0BF9E22B6565B100CEB593 /* RMAPICacheManager.swift in Sources */ = {isa = PBXBuildFile; fileRef = 2F0BF9E12B6565B100CEB593 /* RMAPICacheManager.swift */; };
		2F0BF9E42B656A4300CEB593 /* RMEpisodeDetailViewViewModel.swift in Sources */ = {isa = PBXBuildFile; fileRef = 2F0BF9E32B656A4300CEB593 /* RMEpisodeDetailViewViewModel.swift */; };
		2F0BF9E62B656AB400CEB593 /* RMEpisodeDetailView.swift in Sources */ = {isa = PBXBuildFile; fileRef = 2F0BF9E52B656AB400CEB593 /* RMEpisodeDetailView.swift */; };
		2F7821D02B517B68003ABCCC /* AppDelegate.swift in Sources */ = {isa = PBXBuildFile; fileRef = 2F7821CF2B517B68003ABCCC /* AppDelegate.swift */; };
		2F7821D22B517B68003ABCCC /* SceneDelegate.swift in Sources */ = {isa = PBXBuildFile; fileRef = 2F7821D12B517B68003ABCCC /* SceneDelegate.swift */; };
		2F7821D42B517B68003ABCCC /* RMtabBarController.swift in Sources */ = {isa = PBXBuildFile; fileRef = 2F7821D32B517B68003ABCCC /* RMtabBarController.swift */; };
		2F7821D92B517B6B003ABCCC /* Assets.xcassets in Resources */ = {isa = PBXBuildFile; fileRef = 2F7821D82B517B6B003ABCCC /* Assets.xcassets */; };
		2F7821DC2B517B6B003ABCCC /* LaunchScreen.storyboard in Resources */ = {isa = PBXBuildFile; fileRef = 2F7821DA2B517B6B003ABCCC /* LaunchScreen.storyboard */; };
		2F7821E72B517B6C003ABCCC /* RickAndMortyAppTests.swift in Sources */ = {isa = PBXBuildFile; fileRef = 2F7821E62B517B6C003ABCCC /* RickAndMortyAppTests.swift */; };
		2F7821F12B517B6C003ABCCC /* RickAndMortyAppUITests.swift in Sources */ = {isa = PBXBuildFile; fileRef = 2F7821F02B517B6C003ABCCC /* RickAndMortyAppUITests.swift */; };
		2F7821F32B517B6C003ABCCC /* RickAndMortyAppUITestsLaunchTests.swift in Sources */ = {isa = PBXBuildFile; fileRef = 2F7821F22B517B6C003ABCCC /* RickAndMortyAppUITestsLaunchTests.swift */; };
		2F7822072B517EA8003ABCCC /* RMLocation.swift in Sources */ = {isa = PBXBuildFile; fileRef = 2F7822062B517EA8003ABCCC /* RMLocation.swift */; };
		2F7822092B517F05003ABCCC /* RMCharacter.swift in Sources */ = {isa = PBXBuildFile; fileRef = 2F7822082B517F05003ABCCC /* RMCharacter.swift */; };
		2F78220B2B517F12003ABCCC /* RMEpisode.swift in Sources */ = {isa = PBXBuildFile; fileRef = 2F78220A2B517F12003ABCCC /* RMEpisode.swift */; };
		2F78220E2B52E935003ABCCC /* RMCharacterViewController.swift in Sources */ = {isa = PBXBuildFile; fileRef = 2F78220D2B52E935003ABCCC /* RMCharacterViewController.swift */; };
		2F7822102B52E953003ABCCC /* RMLocationViewController.swift in Sources */ = {isa = PBXBuildFile; fileRef = 2F78220F2B52E953003ABCCC /* RMLocationViewController.swift */; };
		2F7822122B52E967003ABCCC /* RMEpisodesViewController.swift in Sources */ = {isa = PBXBuildFile; fileRef = 2F7822112B52E967003ABCCC /* RMEpisodesViewController.swift */; };
		2F7822142B52E979003ABCCC /* RMSettingsViewController.swift in Sources */ = {isa = PBXBuildFile; fileRef = 2F7822132B52E979003ABCCC /* RMSettingsViewController.swift */; };
		2F7822162B52F573003ABCCC /* RMService.swift in Sources */ = {isa = PBXBuildFile; fileRef = 2F7822152B52F573003ABCCC /* RMService.swift */; };
		2F7822182B52F587003ABCCC /* RMRequest.swift in Sources */ = {isa = PBXBuildFile; fileRef = 2F7822172B52F587003ABCCC /* RMRequest.swift */; };
		2F78221A2B52F609003ABCCC /* RMEndpoint.swift in Sources */ = {isa = PBXBuildFile; fileRef = 2F7822192B52F609003ABCCC /* RMEndpoint.swift */; };
		2F78221C2B53294F003ABCCC /* RMOrigin.swift in Sources */ = {isa = PBXBuildFile; fileRef = 2F78221B2B53294F003ABCCC /* RMOrigin.swift */; };
		2F78221E2B53299A003ABCCC /* RMSingleLocation.swift in Sources */ = {isa = PBXBuildFile; fileRef = 2F78221D2B53299A003ABCCC /* RMSingleLocation.swift */; };
		2F7822202B532AA4003ABCCC /* RMCharacterStatus.swift in Sources */ = {isa = PBXBuildFile; fileRef = 2F78221F2B532AA4003ABCCC /* RMCharacterStatus.swift */; };
		2F7822222B532AC6003ABCCC /* RMCharacterGender.swift in Sources */ = {isa = PBXBuildFile; fileRef = 2F7822212B532AC6003ABCCC /* RMCharacterGender.swift */; };
		2F7822262B5337AB003ABCCC /* RMGetAllCharacterResponse.swift in Sources */ = {isa = PBXBuildFile; fileRef = 2F7822252B5337AB003ABCCC /* RMGetAllCharacterResponse.swift */; };
		2F7822282B5449DC003ABCCC /* RMCharacterListViewViewModel.swift in Sources */ = {isa = PBXBuildFile; fileRef = 2F7822272B5449DC003ABCCC /* RMCharacterListViewViewModel.swift */; };
		2F78222A2B544A3A003ABCCC /* RMCharacterListView.swift in Sources */ = {isa = PBXBuildFile; fileRef = 2F7822292B544A3A003ABCCC /* RMCharacterListView.swift */; };
		2F78222C2B544E66003ABCCC /* Extensions.swift in Sources */ = {isa = PBXBuildFile; fileRef = 2F78222B2B544E66003ABCCC /* Extensions.swift */; };
		2F7937E82B54624E00B42CF6 /* RMCharacterCollectionViewCell.swift in Sources */ = {isa = PBXBuildFile; fileRef = 2F7937E72B54624E00B42CF6 /* RMCharacterCollectionViewCell.swift */; };
		2F7937EA2B5462B600B42CF6 /* RMCharacterCollectionViewCellViewModel.swift in Sources */ = {isa = PBXBuildFile; fileRef = 2F7937E92B5462B600B42CF6 /* RMCharacterCollectionViewCellViewModel.swift */; };
		2F8505DB2B555AA600EF767C /* RMCharacterDetailViewController.swift in Sources */ = {isa = PBXBuildFile; fileRef = 2F8505DA2B555AA600EF767C /* RMCharacterDetailViewController.swift */; };
		2F8505DD2B555BC600EF767C /* RMCharacterDetailView.swift in Sources */ = {isa = PBXBuildFile; fileRef = 2F8505DC2B555BC600EF767C /* RMCharacterDetailView.swift */; };
		2F8505DF2B555BDA00EF767C /* RMCharacterDetailViewViewModel.swift in Sources */ = {isa = PBXBuildFile; fileRef = 2F8505DE2B555BDA00EF767C /* RMCharacterDetailViewViewModel.swift */; };
		2F8505E12B55663900EF767C /* RMFooterLoadingCollectionReusableView.swift in Sources */ = {isa = PBXBuildFile; fileRef = 2F8505E02B55663900EF767C /* RMFooterLoadingCollectionReusableView.swift */; };
		2F8505E32B56B51B00EF767C /* RMImageLoader.swift in Sources */ = {isa = PBXBuildFile; fileRef = 2F8505E22B56B51B00EF767C /* RMImageLoader.swift */; };
		2FFA12C82B5BF9F900468709 /* RMCharacterPhotoCollectionViewCell.swift in Sources */ = {isa = PBXBuildFile; fileRef = 2FFA12C72B5BF9F900468709 /* RMCharacterPhotoCollectionViewCell.swift */; };
		2FFA12CA2B5BFA0800468709 /* RMCharacterInfoCollectionViewCell.swift in Sources */ = {isa = PBXBuildFile; fileRef = 2FFA12C92B5BFA0800468709 /* RMCharacterInfoCollectionViewCell.swift */; };
		2FFA12CC2B5BFA1100468709 /* RMCharacterEpisodeCollectionViewCell.swift in Sources */ = {isa = PBXBuildFile; fileRef = 2FFA12CB2B5BFA1100468709 /* RMCharacterEpisodeCollectionViewCell.swift */; };
		2FFA12D02B5BFAE000468709 /* RMCharacterPhotoCollectionViewCellViewModel.swift in Sources */ = {isa = PBXBuildFile; fileRef = 2FFA12CF2B5BFAE000468709 /* RMCharacterPhotoCollectionViewCellViewModel.swift */; };
		2FFA12D22B5BFAEB00468709 /* RMCharacterInfoCollectionViewCellViewModel.swift in Sources */ = {isa = PBXBuildFile; fileRef = 2FFA12D12B5BFAEB00468709 /* RMCharacterInfoCollectionViewCellViewModel.swift */; };
		2FFA12D52B5BFAF800468709 /* RMCharacterEpisodeCollectionViewCellViewModel.swift in Sources */ = {isa = PBXBuildFile; fileRef = 2FFA12D42B5BFAF800468709 /* RMCharacterEpisodeCollectionViewCellViewModel.swift */; };
/* End PBXBuildFile section */

/* Begin PBXContainerItemProxy section */
		2F7821E32B517B6C003ABCCC /* PBXContainerItemProxy */ = {
			isa = PBXContainerItemProxy;
			containerPortal = 2F7821C42B517B68003ABCCC /* Project object */;
			proxyType = 1;
			remoteGlobalIDString = 2F7821CB2B517B68003ABCCC;
			remoteInfo = RickAndMortyApp;
		};
		2F7821ED2B517B6C003ABCCC /* PBXContainerItemProxy */ = {
			isa = PBXContainerItemProxy;
			containerPortal = 2F7821C42B517B68003ABCCC /* Project object */;
			proxyType = 1;
			remoteGlobalIDString = 2F7821CB2B517B68003ABCCC;
			remoteInfo = RickAndMortyApp;
		};
/* End PBXContainerItemProxy section */

/* Begin PBXFileReference section */
		2F0BF9DF2B655B2500CEB593 /* RMEpisodeDetailViewController.swift */ = {isa = PBXFileReference; lastKnownFileType = sourcecode.swift; path = RMEpisodeDetailViewController.swift; sourceTree = "<group>"; };
		2F0BF9E12B6565B100CEB593 /* RMAPICacheManager.swift */ = {isa = PBXFileReference; lastKnownFileType = sourcecode.swift; path = RMAPICacheManager.swift; sourceTree = "<group>"; };
		2F0BF9E32B656A4300CEB593 /* RMEpisodeDetailViewViewModel.swift */ = {isa = PBXFileReference; lastKnownFileType = sourcecode.swift; path = RMEpisodeDetailViewViewModel.swift; sourceTree = "<group>"; };
		2F0BF9E52B656AB400CEB593 /* RMEpisodeDetailView.swift */ = {isa = PBXFileReference; lastKnownFileType = sourcecode.swift; path = RMEpisodeDetailView.swift; sourceTree = "<group>"; };
		2F7821CC2B517B68003ABCCC /* RickAndMortyApp.app */ = {isa = PBXFileReference; explicitFileType = wrapper.application; includeInIndex = 0; path = RickAndMortyApp.app; sourceTree = BUILT_PRODUCTS_DIR; };
		2F7821CF2B517B68003ABCCC /* AppDelegate.swift */ = {isa = PBXFileReference; lastKnownFileType = sourcecode.swift; path = AppDelegate.swift; sourceTree = "<group>"; };
		2F7821D12B517B68003ABCCC /* SceneDelegate.swift */ = {isa = PBXFileReference; lastKnownFileType = sourcecode.swift; path = SceneDelegate.swift; sourceTree = "<group>"; };
		2F7821D32B517B68003ABCCC /* RMtabBarController.swift */ = {isa = PBXFileReference; lastKnownFileType = sourcecode.swift; path = RMtabBarController.swift; sourceTree = "<group>"; };
		2F7821D82B517B6B003ABCCC /* Assets.xcassets */ = {isa = PBXFileReference; lastKnownFileType = folder.assetcatalog; path = Assets.xcassets; sourceTree = "<group>"; };
		2F7821DB2B517B6B003ABCCC /* Base */ = {isa = PBXFileReference; lastKnownFileType = file.storyboard; name = Base; path = Base.lproj/LaunchScreen.storyboard; sourceTree = "<group>"; };
		2F7821DD2B517B6B003ABCCC /* Info.plist */ = {isa = PBXFileReference; lastKnownFileType = text.plist.xml; path = Info.plist; sourceTree = "<group>"; };
		2F7821E22B517B6C003ABCCC /* RickAndMortyAppTests.xctest */ = {isa = PBXFileReference; explicitFileType = wrapper.cfbundle; includeInIndex = 0; path = RickAndMortyAppTests.xctest; sourceTree = BUILT_PRODUCTS_DIR; };
		2F7821E62B517B6C003ABCCC /* RickAndMortyAppTests.swift */ = {isa = PBXFileReference; lastKnownFileType = sourcecode.swift; path = RickAndMortyAppTests.swift; sourceTree = "<group>"; };
		2F7821EC2B517B6C003ABCCC /* RickAndMortyAppUITests.xctest */ = {isa = PBXFileReference; explicitFileType = wrapper.cfbundle; includeInIndex = 0; path = RickAndMortyAppUITests.xctest; sourceTree = BUILT_PRODUCTS_DIR; };
		2F7821F02B517B6C003ABCCC /* RickAndMortyAppUITests.swift */ = {isa = PBXFileReference; lastKnownFileType = sourcecode.swift; path = RickAndMortyAppUITests.swift; sourceTree = "<group>"; };
		2F7821F22B517B6C003ABCCC /* RickAndMortyAppUITestsLaunchTests.swift */ = {isa = PBXFileReference; lastKnownFileType = sourcecode.swift; path = RickAndMortyAppUITestsLaunchTests.swift; sourceTree = "<group>"; };
		2F7822062B517EA8003ABCCC /* RMLocation.swift */ = {isa = PBXFileReference; lastKnownFileType = sourcecode.swift; path = RMLocation.swift; sourceTree = "<group>"; };
		2F7822082B517F05003ABCCC /* RMCharacter.swift */ = {isa = PBXFileReference; lastKnownFileType = sourcecode.swift; path = RMCharacter.swift; sourceTree = "<group>"; };
		2F78220A2B517F12003ABCCC /* RMEpisode.swift */ = {isa = PBXFileReference; lastKnownFileType = sourcecode.swift; path = RMEpisode.swift; sourceTree = "<group>"; };
		2F78220D2B52E935003ABCCC /* RMCharacterViewController.swift */ = {isa = PBXFileReference; lastKnownFileType = sourcecode.swift; path = RMCharacterViewController.swift; sourceTree = "<group>"; };
		2F78220F2B52E953003ABCCC /* RMLocationViewController.swift */ = {isa = PBXFileReference; lastKnownFileType = sourcecode.swift; path = RMLocationViewController.swift; sourceTree = "<group>"; };
		2F7822112B52E967003ABCCC /* RMEpisodesViewController.swift */ = {isa = PBXFileReference; lastKnownFileType = sourcecode.swift; path = RMEpisodesViewController.swift; sourceTree = "<group>"; };
		2F7822132B52E979003ABCCC /* RMSettingsViewController.swift */ = {isa = PBXFileReference; lastKnownFileType = sourcecode.swift; path = RMSettingsViewController.swift; sourceTree = "<group>"; };
		2F7822152B52F573003ABCCC /* RMService.swift */ = {isa = PBXFileReference; lastKnownFileType = sourcecode.swift; path = RMService.swift; sourceTree = "<group>"; };
		2F7822172B52F587003ABCCC /* RMRequest.swift */ = {isa = PBXFileReference; lastKnownFileType = sourcecode.swift; path = RMRequest.swift; sourceTree = "<group>"; };
		2F7822192B52F609003ABCCC /* RMEndpoint.swift */ = {isa = PBXFileReference; lastKnownFileType = sourcecode.swift; path = RMEndpoint.swift; sourceTree = "<group>"; };
		2F78221B2B53294F003ABCCC /* RMOrigin.swift */ = {isa = PBXFileReference; lastKnownFileType = sourcecode.swift; path = RMOrigin.swift; sourceTree = "<group>"; };
		2F78221D2B53299A003ABCCC /* RMSingleLocation.swift */ = {isa = PBXFileReference; lastKnownFileType = sourcecode.swift; path = RMSingleLocation.swift; sourceTree = "<group>"; };
		2F78221F2B532AA4003ABCCC /* RMCharacterStatus.swift */ = {isa = PBXFileReference; lastKnownFileType = sourcecode.swift; path = RMCharacterStatus.swift; sourceTree = "<group>"; };
		2F7822212B532AC6003ABCCC /* RMCharacterGender.swift */ = {isa = PBXFileReference; lastKnownFileType = sourcecode.swift; path = RMCharacterGender.swift; sourceTree = "<group>"; };
		2F7822252B5337AB003ABCCC /* RMGetAllCharacterResponse.swift */ = {isa = PBXFileReference; lastKnownFileType = sourcecode.swift; path = RMGetAllCharacterResponse.swift; sourceTree = "<group>"; };
		2F7822272B5449DC003ABCCC /* RMCharacterListViewViewModel.swift */ = {isa = PBXFileReference; lastKnownFileType = sourcecode.swift; path = RMCharacterListViewViewModel.swift; sourceTree = "<group>"; };
		2F7822292B544A3A003ABCCC /* RMCharacterListView.swift */ = {isa = PBXFileReference; lastKnownFileType = sourcecode.swift; path = RMCharacterListView.swift; sourceTree = "<group>"; };
		2F78222B2B544E66003ABCCC /* Extensions.swift */ = {isa = PBXFileReference; lastKnownFileType = sourcecode.swift; path = Extensions.swift; sourceTree = "<group>"; };
		2F7937E72B54624E00B42CF6 /* RMCharacterCollectionViewCell.swift */ = {isa = PBXFileReference; lastKnownFileType = sourcecode.swift; path = RMCharacterCollectionViewCell.swift; sourceTree = "<group>"; };
		2F7937E92B5462B600B42CF6 /* RMCharacterCollectionViewCellViewModel.swift */ = {isa = PBXFileReference; lastKnownFileType = sourcecode.swift; path = RMCharacterCollectionViewCellViewModel.swift; sourceTree = "<group>"; };
		2F8505DA2B555AA600EF767C /* RMCharacterDetailViewController.swift */ = {isa = PBXFileReference; lastKnownFileType = sourcecode.swift; path = RMCharacterDetailViewController.swift; sourceTree = "<group>"; };
		2F8505DC2B555BC600EF767C /* RMCharacterDetailView.swift */ = {isa = PBXFileReference; lastKnownFileType = sourcecode.swift; path = RMCharacterDetailView.swift; sourceTree = "<group>"; };
		2F8505DE2B555BDA00EF767C /* RMCharacterDetailViewViewModel.swift */ = {isa = PBXFileReference; lastKnownFileType = sourcecode.swift; path = RMCharacterDetailViewViewModel.swift; sourceTree = "<group>"; };
		2F8505E02B55663900EF767C /* RMFooterLoadingCollectionReusableView.swift */ = {isa = PBXFileReference; lastKnownFileType = sourcecode.swift; path = RMFooterLoadingCollectionReusableView.swift; sourceTree = "<group>"; };
		2F8505E22B56B51B00EF767C /* RMImageLoader.swift */ = {isa = PBXFileReference; lastKnownFileType = sourcecode.swift; path = RMImageLoader.swift; sourceTree = "<group>"; };
		2FFA12C72B5BF9F900468709 /* RMCharacterPhotoCollectionViewCell.swift */ = {isa = PBXFileReference; lastKnownFileType = sourcecode.swift; path = RMCharacterPhotoCollectionViewCell.swift; sourceTree = "<group>"; };
		2FFA12C92B5BFA0800468709 /* RMCharacterInfoCollectionViewCell.swift */ = {isa = PBXFileReference; lastKnownFileType = sourcecode.swift; path = RMCharacterInfoCollectionViewCell.swift; sourceTree = "<group>"; };
		2FFA12CB2B5BFA1100468709 /* RMCharacterEpisodeCollectionViewCell.swift */ = {isa = PBXFileReference; lastKnownFileType = sourcecode.swift; path = RMCharacterEpisodeCollectionViewCell.swift; sourceTree = "<group>"; };
		2FFA12CF2B5BFAE000468709 /* RMCharacterPhotoCollectionViewCellViewModel.swift */ = {isa = PBXFileReference; lastKnownFileType = sourcecode.swift; path = RMCharacterPhotoCollectionViewCellViewModel.swift; sourceTree = "<group>"; };
		2FFA12D12B5BFAEB00468709 /* RMCharacterInfoCollectionViewCellViewModel.swift */ = {isa = PBXFileReference; lastKnownFileType = sourcecode.swift; path = RMCharacterInfoCollectionViewCellViewModel.swift; sourceTree = "<group>"; };
		2FFA12D42B5BFAF800468709 /* RMCharacterEpisodeCollectionViewCellViewModel.swift */ = {isa = PBXFileReference; lastKnownFileType = sourcecode.swift; path = RMCharacterEpisodeCollectionViewCellViewModel.swift; sourceTree = "<group>"; };
/* End PBXFileReference section */

/* Begin PBXFrameworksBuildPhase section */
		2F7821C92B517B68003ABCCC /* Frameworks */ = {
			isa = PBXFrameworksBuildPhase;
			buildActionMask = 2147483647;
			files = (
			);
			runOnlyForDeploymentPostprocessing = 0;
		};
		2F7821DF2B517B6C003ABCCC /* Frameworks */ = {
			isa = PBXFrameworksBuildPhase;
			buildActionMask = 2147483647;
			files = (
			);
			runOnlyForDeploymentPostprocessing = 0;
		};
		2F7821E92B517B6C003ABCCC /* Frameworks */ = {
			isa = PBXFrameworksBuildPhase;
			buildActionMask = 2147483647;
			files = (
			);
			runOnlyForDeploymentPostprocessing = 0;
		};
/* End PBXFrameworksBuildPhase section */

/* Begin PBXGroup section */
		2F0BF9E72B66D26300CEB593 /* Scenes */ = {
			isa = PBXGroup;
			children = (
				2F0BF9E82B66D2C200CEB593 /* TabBar */,
				2F0BF9E92B66D2C900CEB593 /* CharacterList */,
				2F0BF9F72B66D7C000CEB593 /* LocationsList */,
				2F0BF9F82B66D81300CEB593 /* EpisodesList */,
				2F0BF9EE2B66D3CC00CEB593 /* CharacterDetail */,
				2F0BF9F32B66D72C00CEB593 /* EpisodeDetail */,
				2F0BF9F92B66D81A00CEB593 /* Settings */,
			);
			path = Scenes;
			sourceTree = "<group>";
		};
		2F0BF9E82B66D2C200CEB593 /* TabBar */ = {
			isa = PBXGroup;
			children = (
				2F7821D32B517B68003ABCCC /* RMtabBarController.swift */,
			);
			path = TabBar;
			sourceTree = "<group>";
		};
		2F0BF9E92B66D2C900CEB593 /* CharacterList */ = {
			isa = PBXGroup;
			children = (
				2F0BF9EA2B66D2F900CEB593 /* Controller */,
				2F0BF9EB2B66D30100CEB593 /* View */,
				2F0BF9EC2B66D30600CEB593 /* ViewModel */,
			);
			path = CharacterList;
			sourceTree = "<group>";
		};
		2F0BF9EA2B66D2F900CEB593 /* Controller */ = {
			isa = PBXGroup;
			children = (
				2F78220D2B52E935003ABCCC /* RMCharacterViewController.swift */,
			);
			path = Controller;
			sourceTree = "<group>";
		};
		2F0BF9EB2B66D30100CEB593 /* View */ = {
			isa = PBXGroup;
			children = (
				2F7822292B544A3A003ABCCC /* RMCharacterListView.swift */,
				2F7937E72B54624E00B42CF6 /* RMCharacterCollectionViewCell.swift */,
				2F8505E02B55663900EF767C /* RMFooterLoadingCollectionReusableView.swift */,
			);
			path = View;
			sourceTree = "<group>";
		};
		2F0BF9EC2B66D30600CEB593 /* ViewModel */ = {
			isa = PBXGroup;
			children = (
				2F7822272B5449DC003ABCCC /* RMCharacterListViewViewModel.swift */,
				2F7937E92B5462B600B42CF6 /* RMCharacterCollectionViewCellViewModel.swift */,
			);
			path = ViewModel;
			sourceTree = "<group>";
		};
		2F0BF9EE2B66D3CC00CEB593 /* CharacterDetail */ = {
			isa = PBXGroup;
			children = (
				2F0BF9EF2B66D3F100CEB593 /* Controller */,
				2F0BF9F02B66D3F700CEB593 /* View */,
				2F0BF9F12B66D3FA00CEB593 /* ViewModel */,
			);
			path = CharacterDetail;
			sourceTree = "<group>";
		};
		2F0BF9EF2B66D3F100CEB593 /* Controller */ = {
			isa = PBXGroup;
			children = (
				2F8505DA2B555AA600EF767C /* RMCharacterDetailViewController.swift */,
			);
			path = Controller;
			sourceTree = "<group>";
		};
		2F0BF9F02B66D3F700CEB593 /* View */ = {
			isa = PBXGroup;
			children = (
				2F8505DC2B555BC600EF767C /* RMCharacterDetailView.swift */,
				2FFA12C72B5BF9F900468709 /* RMCharacterPhotoCollectionViewCell.swift */,
				2FFA12C92B5BFA0800468709 /* RMCharacterInfoCollectionViewCell.swift */,
				2FFA12CB2B5BFA1100468709 /* RMCharacterEpisodeCollectionViewCell.swift */,
			);
			path = View;
			sourceTree = "<group>";
		};
		2F0BF9F12B66D3FA00CEB593 /* ViewModel */ = {
			isa = PBXGroup;
			children = (
				2F8505DE2B555BDA00EF767C /* RMCharacterDetailViewViewModel.swift */,
				2FFA12CF2B5BFAE000468709 /* RMCharacterPhotoCollectionViewCellViewModel.swift */,
				2FFA12D12B5BFAEB00468709 /* RMCharacterInfoCollectionViewCellViewModel.swift */,
				2FFA12D42B5BFAF800468709 /* RMCharacterEpisodeCollectionViewCellViewModel.swift */,
			);
			path = ViewModel;
			sourceTree = "<group>";
		};
		2F0BF9F32B66D72C00CEB593 /* EpisodeDetail */ = {
			isa = PBXGroup;
			children = (
				2F0BF9F42B66D74B00CEB593 /* Controller */,
				2F0BF9F52B66D75300CEB593 /* View */,
				2F0BF9F62B66D75700CEB593 /* ViewModel */,
			);
			path = EpisodeDetail;
			sourceTree = "<group>";
		};
		2F0BF9F42B66D74B00CEB593 /* Controller */ = {
			isa = PBXGroup;
			children = (
				2F0BF9DF2B655B2500CEB593 /* RMEpisodeDetailViewController.swift */,
			);
			path = Controller;
			sourceTree = "<group>";
		};
		2F0BF9F52B66D75300CEB593 /* View */ = {
			isa = PBXGroup;
			children = (
				2F0BF9E52B656AB400CEB593 /* RMEpisodeDetailView.swift */,
			);
			path = View;
			sourceTree = "<group>";
		};
		2F0BF9F62B66D75700CEB593 /* ViewModel */ = {
			isa = PBXGroup;
			children = (
				2F0BF9E32B656A4300CEB593 /* RMEpisodeDetailViewViewModel.swift */,
			);
			path = ViewModel;
			sourceTree = "<group>";
		};
		2F0BF9F72B66D7C000CEB593 /* LocationsList */ = {
			isa = PBXGroup;
			children = (
				2F0BF9FC2B66D87700CEB593 /* Controller */,
			);
			path = LocationsList;
			sourceTree = "<group>";
		};
		2F0BF9F82B66D81300CEB593 /* EpisodesList */ = {
			isa = PBXGroup;
			children = (
				2F0BF9FB2B66D86700CEB593 /* Controller */,
			);
			path = EpisodesList;
			sourceTree = "<group>";
		};
		2F0BF9F92B66D81A00CEB593 /* Settings */ = {
			isa = PBXGroup;
			children = (
				2F0BF9FA2B66D85700CEB593 /* Controller */,
			);
			path = Settings;
			sourceTree = "<group>";
		};
		2F0BF9FA2B66D85700CEB593 /* Controller */ = {
			isa = PBXGroup;
			children = (
				2F7822132B52E979003ABCCC /* RMSettingsViewController.swift */,
			);
			path = Controller;
			sourceTree = "<group>";
		};
		2F0BF9FB2B66D86700CEB593 /* Controller */ = {
			isa = PBXGroup;
			children = (
				2F7822112B52E967003ABCCC /* RMEpisodesViewController.swift */,
			);
			path = Controller;
			sourceTree = "<group>";
		};
		2F0BF9FC2B66D87700CEB593 /* Controller */ = {
			isa = PBXGroup;
			children = (
				2F78220F2B52E953003ABCCC /* RMLocationViewController.swift */,
			);
			path = Controller;
			sourceTree = "<group>";
		};
		2F7821C32B517B68003ABCCC = {
			isa = PBXGroup;
			children = (
				2F7821CE2B517B68003ABCCC /* RickAndMortyApp */,
				2F7821E52B517B6C003ABCCC /* RickAndMortyAppTests */,
				2F7821EF2B517B6C003ABCCC /* RickAndMortyAppUITests */,
				2F7821CD2B517B68003ABCCC /* Products */,
			);
			sourceTree = "<group>";
		};
		2F7821CD2B517B68003ABCCC /* Products */ = {
			isa = PBXGroup;
			children = (
				2F7821CC2B517B68003ABCCC /* RickAndMortyApp.app */,
				2F7821E22B517B6C003ABCCC /* RickAndMortyAppTests.xctest */,
				2F7821EC2B517B6C003ABCCC /* RickAndMortyAppUITests.xctest */,
			);
			name = Products;
			sourceTree = "<group>";
		};
		2F7821CE2B517B68003ABCCC /* RickAndMortyApp */ = {
			isa = PBXGroup;
			children = (
				2F0BF9E72B66D26300CEB593 /* Scenes */,
				2F7822052B517D98003ABCCC /* Resources */,
				2F7822042B517D92003ABCCC /* Managers */,
				2F7822032B517D8A003ABCCC /* APIClinet */,
				2F7822002B517D60003ABCCC /* Models */,
				2F7821FF2B517D52003ABCCC /* Controllers */,
				2F7821DD2B517B6B003ABCCC /* Info.plist */,
			);
			path = RickAndMortyApp;
			sourceTree = "<group>";
		};
		2F7821E52B517B6C003ABCCC /* RickAndMortyAppTests */ = {
			isa = PBXGroup;
			children = (
				2F7821E62B517B6C003ABCCC /* RickAndMortyAppTests.swift */,
			);
			path = RickAndMortyAppTests;
			sourceTree = "<group>";
		};
		2F7821EF2B517B6C003ABCCC /* RickAndMortyAppUITests */ = {
			isa = PBXGroup;
			children = (
				2F7821F02B517B6C003ABCCC /* RickAndMortyAppUITests.swift */,
				2F7821F22B517B6C003ABCCC /* RickAndMortyAppUITestsLaunchTests.swift */,
			);
			path = RickAndMortyAppUITests;
			sourceTree = "<group>";
		};
		2F7821FF2B517D52003ABCCC /* Controllers */ = {
			isa = PBXGroup;
			children = (
				2F78220C2B518015003ABCCC /* Core */,
			);
			path = Controllers;
			sourceTree = "<group>";
		};
		2F7822002B517D60003ABCCC /* Models */ = {
			isa = PBXGroup;
			children = (
				2F7822242B53378C003ABCCC /* ApiResponseTypes */,
				2F7822232B533782003ABCCC /* DataTypes */,
			);
			path = Models;
			sourceTree = "<group>";
		};
		2F7822032B517D8A003ABCCC /* APIClinet */ = {
			isa = PBXGroup;
			children = (
				2F7822152B52F573003ABCCC /* RMService.swift */,
				2F7822172B52F587003ABCCC /* RMRequest.swift */,
				2F7822192B52F609003ABCCC /* RMEndpoint.swift */,
			);
			path = APIClinet;
			sourceTree = "<group>";
		};
		2F7822042B517D92003ABCCC /* Managers */ = {
			isa = PBXGroup;
			children = (
				2F8505E22B56B51B00EF767C /* RMImageLoader.swift */,
				2F0BF9E12B6565B100CEB593 /* RMAPICacheManager.swift */,
			);
			path = Managers;
			sourceTree = "<group>";
		};
		2F7822052B517D98003ABCCC /* Resources */ = {
			isa = PBXGroup;
			children = (
				2F7821CF2B517B68003ABCCC /* AppDelegate.swift */,
				2F7821D12B517B68003ABCCC /* SceneDelegate.swift */,
				2F78222B2B544E66003ABCCC /* Extensions.swift */,
				2F7821DA2B517B6B003ABCCC /* LaunchScreen.storyboard */,
				2F7821D82B517B6B003ABCCC /* Assets.xcassets */,
			);
			path = Resources;
			sourceTree = "<group>";
		};
		2F78220C2B518015003ABCCC /* Core */ = {
			isa = PBXGroup;
			children = (
			);
			path = Core;
			sourceTree = "<group>";
		};
		2F7822232B533782003ABCCC /* DataTypes */ = {
			isa = PBXGroup;
			children = (
				2F7822082B517F05003ABCCC /* RMCharacter.swift */,
				2F7822062B517EA8003ABCCC /* RMLocation.swift */,
				2F78220A2B517F12003ABCCC /* RMEpisode.swift */,
				2F78221B2B53294F003ABCCC /* RMOrigin.swift */,
				2F78221D2B53299A003ABCCC /* RMSingleLocation.swift */,
				2F78221F2B532AA4003ABCCC /* RMCharacterStatus.swift */,
				2F7822212B532AC6003ABCCC /* RMCharacterGender.swift */,
			);
			path = DataTypes;
			sourceTree = "<group>";
		};
		2F7822242B53378C003ABCCC /* ApiResponseTypes */ = {
			isa = PBXGroup;
			children = (
				2F7822252B5337AB003ABCCC /* RMGetAllCharacterResponse.swift */,
			);
			path = ApiResponseTypes;
			sourceTree = "<group>";
		};
/* End PBXGroup section */

/* Begin PBXNativeTarget section */
		2F7821CB2B517B68003ABCCC /* RickAndMortyApp */ = {
			isa = PBXNativeTarget;
			buildConfigurationList = 2F7821F62B517B6C003ABCCC /* Build configuration list for PBXNativeTarget "RickAndMortyApp" */;
			buildPhases = (
				2F7821C82B517B68003ABCCC /* Sources */,
				2F7821C92B517B68003ABCCC /* Frameworks */,
				2F7821CA2B517B68003ABCCC /* Resources */,
			);
			buildRules = (
			);
			dependencies = (
			);
			name = RickAndMortyApp;
			productName = RickAndMortyApp;
			productReference = 2F7821CC2B517B68003ABCCC /* RickAndMortyApp.app */;
			productType = "com.apple.product-type.application";
		};
		2F7821E12B517B6C003ABCCC /* RickAndMortyAppTests */ = {
			isa = PBXNativeTarget;
			buildConfigurationList = 2F7821F92B517B6C003ABCCC /* Build configuration list for PBXNativeTarget "RickAndMortyAppTests" */;
			buildPhases = (
				2F7821DE2B517B6C003ABCCC /* Sources */,
				2F7821DF2B517B6C003ABCCC /* Frameworks */,
				2F7821E02B517B6C003ABCCC /* Resources */,
			);
			buildRules = (
			);
			dependencies = (
				2F7821E42B517B6C003ABCCC /* PBXTargetDependency */,
			);
			name = RickAndMortyAppTests;
			productName = RickAndMortyAppTests;
			productReference = 2F7821E22B517B6C003ABCCC /* RickAndMortyAppTests.xctest */;
			productType = "com.apple.product-type.bundle.unit-test";
		};
		2F7821EB2B517B6C003ABCCC /* RickAndMortyAppUITests */ = {
			isa = PBXNativeTarget;
			buildConfigurationList = 2F7821FC2B517B6C003ABCCC /* Build configuration list for PBXNativeTarget "RickAndMortyAppUITests" */;
			buildPhases = (
				2F7821E82B517B6C003ABCCC /* Sources */,
				2F7821E92B517B6C003ABCCC /* Frameworks */,
				2F7821EA2B517B6C003ABCCC /* Resources */,
			);
			buildRules = (
			);
			dependencies = (
				2F7821EE2B517B6C003ABCCC /* PBXTargetDependency */,
			);
			name = RickAndMortyAppUITests;
			productName = RickAndMortyAppUITests;
			productReference = 2F7821EC2B517B6C003ABCCC /* RickAndMortyAppUITests.xctest */;
			productType = "com.apple.product-type.bundle.ui-testing";
		};
/* End PBXNativeTarget section */

/* Begin PBXProject section */
		2F7821C42B517B68003ABCCC /* Project object */ = {
			isa = PBXProject;
			attributes = {
				BuildIndependentTargetsInParallel = 1;
				LastSwiftUpdateCheck = 1510;
				LastUpgradeCheck = 1510;
				TargetAttributes = {
					2F7821CB2B517B68003ABCCC = {
						CreatedOnToolsVersion = 15.1;
					};
					2F7821E12B517B6C003ABCCC = {
						CreatedOnToolsVersion = 15.1;
						TestTargetID = 2F7821CB2B517B68003ABCCC;
					};
					2F7821EB2B517B6C003ABCCC = {
						CreatedOnToolsVersion = 15.1;
						TestTargetID = 2F7821CB2B517B68003ABCCC;
					};
				};
			};
			buildConfigurationList = 2F7821C72B517B68003ABCCC /* Build configuration list for PBXProject "RickAndMortyApp" */;
			compatibilityVersion = "Xcode 14.0";
			developmentRegion = en;
			hasScannedForEncodings = 0;
			knownRegions = (
				en,
				Base,
			);
			mainGroup = 2F7821C32B517B68003ABCCC;
			productRefGroup = 2F7821CD2B517B68003ABCCC /* Products */;
			projectDirPath = "";
			projectRoot = "";
			targets = (
				2F7821CB2B517B68003ABCCC /* RickAndMortyApp */,
				2F7821E12B517B6C003ABCCC /* RickAndMortyAppTests */,
				2F7821EB2B517B6C003ABCCC /* RickAndMortyAppUITests */,
			);
		};
/* End PBXProject section */

/* Begin PBXResourcesBuildPhase section */
		2F7821CA2B517B68003ABCCC /* Resources */ = {
			isa = PBXResourcesBuildPhase;
			buildActionMask = 2147483647;
			files = (
				2F7821DC2B517B6B003ABCCC /* LaunchScreen.storyboard in Resources */,
				2F7821D92B517B6B003ABCCC /* Assets.xcassets in Resources */,
			);
			runOnlyForDeploymentPostprocessing = 0;
		};
		2F7821E02B517B6C003ABCCC /* Resources */ = {
			isa = PBXResourcesBuildPhase;
			buildActionMask = 2147483647;
			files = (
			);
			runOnlyForDeploymentPostprocessing = 0;
		};
		2F7821EA2B517B6C003ABCCC /* Resources */ = {
			isa = PBXResourcesBuildPhase;
			buildActionMask = 2147483647;
			files = (
			);
			runOnlyForDeploymentPostprocessing = 0;
		};
/* End PBXResourcesBuildPhase section */

/* Begin PBXSourcesBuildPhase section */
		2F7821C82B517B68003ABCCC /* Sources */ = {
			isa = PBXSourcesBuildPhase;
			buildActionMask = 2147483647;
			files = (
				2F7822262B5337AB003ABCCC /* RMGetAllCharacterResponse.swift in Sources */,
				2F8505DF2B555BDA00EF767C /* RMCharacterDetailViewViewModel.swift in Sources */,
				2F78221C2B53294F003ABCCC /* RMOrigin.swift in Sources */,
				2F8505E32B56B51B00EF767C /* RMImageLoader.swift in Sources */,
				2F78221E2B53299A003ABCCC /* RMSingleLocation.swift in Sources */,
				2F7822202B532AA4003ABCCC /* RMCharacterStatus.swift in Sources */,
				2F7822222B532AC6003ABCCC /* RMCharacterGender.swift in Sources */,
				2F7822102B52E953003ABCCC /* RMLocationViewController.swift in Sources */,
				2F8505DB2B555AA600EF767C /* RMCharacterDetailViewController.swift in Sources */,
				2F8505E12B55663900EF767C /* RMFooterLoadingCollectionReusableView.swift in Sources */,
				2F78220B2B517F12003ABCCC /* RMEpisode.swift in Sources */,
				2FFA12CA2B5BFA0800468709 /* RMCharacterInfoCollectionViewCell.swift in Sources */,
				2F7821D42B517B68003ABCCC /* RMtabBarController.swift in Sources */,
				2F7822122B52E967003ABCCC /* RMEpisodesViewController.swift in Sources */,
				2FFA12D22B5BFAEB00468709 /* RMCharacterInfoCollectionViewCellViewModel.swift in Sources */,
				2F7937E82B54624E00B42CF6 /* RMCharacterCollectionViewCell.swift in Sources */,
				2F7822282B5449DC003ABCCC /* RMCharacterListViewViewModel.swift in Sources */,
				2F7821D02B517B68003ABCCC /* AppDelegate.swift in Sources */,
				2F7821D22B517B68003ABCCC /* SceneDelegate.swift in Sources */,
				2FFA12C82B5BF9F900468709 /* RMCharacterPhotoCollectionViewCell.swift in Sources */,
				2FFA12D52B5BFAF800468709 /* RMCharacterEpisodeCollectionViewCellViewModel.swift in Sources */,
				2F7822142B52E979003ABCCC /* RMSettingsViewController.swift in Sources */,
				2F78222C2B544E66003ABCCC /* Extensions.swift in Sources */,
				2FFA12D02B5BFAE000468709 /* RMCharacterPhotoCollectionViewCellViewModel.swift in Sources */,
				2F7822162B52F573003ABCCC /* RMService.swift in Sources */,
				2F7822072B517EA8003ABCCC /* RMLocation.swift in Sources */,
				2F78222A2B544A3A003ABCCC /* RMCharacterListView.swift in Sources */,
				2F0BF9E02B655B2500CEB593 /* RMEpisodeDetailViewController.swift in Sources */,
				2F0BF9E62B656AB400CEB593 /* RMEpisodeDetailView.swift in Sources */,
				2F78221A2B52F609003ABCCC /* RMEndpoint.swift in Sources */,
				2F7937EA2B5462B600B42CF6 /* RMCharacterCollectionViewCellViewModel.swift in Sources */,
				2F7822092B517F05003ABCCC /* RMCharacter.swift in Sources */,
				2F7822182B52F587003ABCCC /* RMRequest.swift in Sources */,
				2FFA12CC2B5BFA1100468709 /* RMCharacterEpisodeCollectionViewCell.swift in Sources */,
				2F78220E2B52E935003ABCCC /* RMCharacterViewController.swift in Sources */,
				2F0BF9E22B6565B100CEB593 /* RMAPICacheManager.swift in Sources */,
				2F0BF9E42B656A4300CEB593 /* RMEpisodeDetailViewViewModel.swift in Sources */,
				2F8505DD2B555BC600EF767C /* RMCharacterDetailView.swift in Sources */,
			);
			runOnlyForDeploymentPostprocessing = 0;
		};
		2F7821DE2B517B6C003ABCCC /* Sources */ = {
			isa = PBXSourcesBuildPhase;
			buildActionMask = 2147483647;
			files = (
				2F7821E72B517B6C003ABCCC /* RickAndMortyAppTests.swift in Sources */,
			);
			runOnlyForDeploymentPostprocessing = 0;
		};
		2F7821E82B517B6C003ABCCC /* Sources */ = {
			isa = PBXSourcesBuildPhase;
			buildActionMask = 2147483647;
			files = (
				2F7821F12B517B6C003ABCCC /* RickAndMortyAppUITests.swift in Sources */,
				2F7821F32B517B6C003ABCCC /* RickAndMortyAppUITestsLaunchTests.swift in Sources */,
			);
			runOnlyForDeploymentPostprocessing = 0;
		};
/* End PBXSourcesBuildPhase section */

/* Begin PBXTargetDependency section */
		2F7821E42B517B6C003ABCCC /* PBXTargetDependency */ = {
			isa = PBXTargetDependency;
			target = 2F7821CB2B517B68003ABCCC /* RickAndMortyApp */;
			targetProxy = 2F7821E32B517B6C003ABCCC /* PBXContainerItemProxy */;
		};
		2F7821EE2B517B6C003ABCCC /* PBXTargetDependency */ = {
			isa = PBXTargetDependency;
			target = 2F7821CB2B517B68003ABCCC /* RickAndMortyApp */;
			targetProxy = 2F7821ED2B517B6C003ABCCC /* PBXContainerItemProxy */;
		};
/* End PBXTargetDependency section */

/* Begin PBXVariantGroup section */
		2F7821DA2B517B6B003ABCCC /* LaunchScreen.storyboard */ = {
			isa = PBXVariantGroup;
			children = (
				2F7821DB2B517B6B003ABCCC /* Base */,
			);
			name = LaunchScreen.storyboard;
			sourceTree = "<group>";
		};
/* End PBXVariantGroup section */

/* Begin XCBuildConfiguration section */
		2F7821F42B517B6C003ABCCC /* Debug */ = {
			isa = XCBuildConfiguration;
			buildSettings = {
				ALWAYS_SEARCH_USER_PATHS = NO;
				ASSETCATALOG_COMPILER_GENERATE_SWIFT_ASSET_SYMBOL_EXTENSIONS = YES;
				CLANG_ANALYZER_NONNULL = YES;
				CLANG_ANALYZER_NUMBER_OBJECT_CONVERSION = YES_AGGRESSIVE;
				CLANG_CXX_LANGUAGE_STANDARD = "gnu++20";
				CLANG_ENABLE_MODULES = YES;
				CLANG_ENABLE_OBJC_ARC = YES;
				CLANG_ENABLE_OBJC_WEAK = YES;
				CLANG_WARN_BLOCK_CAPTURE_AUTORELEASING = YES;
				CLANG_WARN_BOOL_CONVERSION = YES;
				CLANG_WARN_COMMA = YES;
				CLANG_WARN_CONSTANT_CONVERSION = YES;
				CLANG_WARN_DEPRECATED_OBJC_IMPLEMENTATIONS = YES;
				CLANG_WARN_DIRECT_OBJC_ISA_USAGE = YES_ERROR;
				CLANG_WARN_DOCUMENTATION_COMMENTS = YES;
				CLANG_WARN_EMPTY_BODY = YES;
				CLANG_WARN_ENUM_CONVERSION = YES;
				CLANG_WARN_INFINITE_RECURSION = YES;
				CLANG_WARN_INT_CONVERSION = YES;
				CLANG_WARN_NON_LITERAL_NULL_CONVERSION = YES;
				CLANG_WARN_OBJC_IMPLICIT_RETAIN_SELF = YES;
				CLANG_WARN_OBJC_LITERAL_CONVERSION = YES;
				CLANG_WARN_OBJC_ROOT_CLASS = YES_ERROR;
				CLANG_WARN_QUOTED_INCLUDE_IN_FRAMEWORK_HEADER = YES;
				CLANG_WARN_RANGE_LOOP_ANALYSIS = YES;
				CLANG_WARN_STRICT_PROTOTYPES = YES;
				CLANG_WARN_SUSPICIOUS_MOVE = YES;
				CLANG_WARN_UNGUARDED_AVAILABILITY = YES_AGGRESSIVE;
				CLANG_WARN_UNREACHABLE_CODE = YES;
				CLANG_WARN__DUPLICATE_METHOD_MATCH = YES;
				COPY_PHASE_STRIP = NO;
				DEBUG_INFORMATION_FORMAT = dwarf;
				ENABLE_STRICT_OBJC_MSGSEND = YES;
				ENABLE_TESTABILITY = YES;
				ENABLE_USER_SCRIPT_SANDBOXING = YES;
				GCC_C_LANGUAGE_STANDARD = gnu17;
				GCC_DYNAMIC_NO_PIC = NO;
				GCC_NO_COMMON_BLOCKS = YES;
				GCC_OPTIMIZATION_LEVEL = 0;
				GCC_PREPROCESSOR_DEFINITIONS = (
					"DEBUG=1",
					"$(inherited)",
				);
				GCC_WARN_64_TO_32_BIT_CONVERSION = YES;
				GCC_WARN_ABOUT_RETURN_TYPE = YES_ERROR;
				GCC_WARN_UNDECLARED_SELECTOR = YES;
				GCC_WARN_UNINITIALIZED_AUTOS = YES_AGGRESSIVE;
				GCC_WARN_UNUSED_FUNCTION = YES;
				GCC_WARN_UNUSED_VARIABLE = YES;
				IPHONEOS_DEPLOYMENT_TARGET = 17.2;
				LOCALIZATION_PREFERS_STRING_CATALOGS = YES;
				MTL_ENABLE_DEBUG_INFO = INCLUDE_SOURCE;
				MTL_FAST_MATH = YES;
				ONLY_ACTIVE_ARCH = YES;
				SDKROOT = iphoneos;
				SWIFT_ACTIVE_COMPILATION_CONDITIONS = "DEBUG $(inherited)";
				SWIFT_OPTIMIZATION_LEVEL = "-Onone";
			};
			name = Debug;
		};
		2F7821F52B517B6C003ABCCC /* Release */ = {
			isa = XCBuildConfiguration;
			buildSettings = {
				ALWAYS_SEARCH_USER_PATHS = NO;
				ASSETCATALOG_COMPILER_GENERATE_SWIFT_ASSET_SYMBOL_EXTENSIONS = YES;
				CLANG_ANALYZER_NONNULL = YES;
				CLANG_ANALYZER_NUMBER_OBJECT_CONVERSION = YES_AGGRESSIVE;
				CLANG_CXX_LANGUAGE_STANDARD = "gnu++20";
				CLANG_ENABLE_MODULES = YES;
				CLANG_ENABLE_OBJC_ARC = YES;
				CLANG_ENABLE_OBJC_WEAK = YES;
				CLANG_WARN_BLOCK_CAPTURE_AUTORELEASING = YES;
				CLANG_WARN_BOOL_CONVERSION = YES;
				CLANG_WARN_COMMA = YES;
				CLANG_WARN_CONSTANT_CONVERSION = YES;
				CLANG_WARN_DEPRECATED_OBJC_IMPLEMENTATIONS = YES;
				CLANG_WARN_DIRECT_OBJC_ISA_USAGE = YES_ERROR;
				CLANG_WARN_DOCUMENTATION_COMMENTS = YES;
				CLANG_WARN_EMPTY_BODY = YES;
				CLANG_WARN_ENUM_CONVERSION = YES;
				CLANG_WARN_INFINITE_RECURSION = YES;
				CLANG_WARN_INT_CONVERSION = YES;
				CLANG_WARN_NON_LITERAL_NULL_CONVERSION = YES;
				CLANG_WARN_OBJC_IMPLICIT_RETAIN_SELF = YES;
				CLANG_WARN_OBJC_LITERAL_CONVERSION = YES;
				CLANG_WARN_OBJC_ROOT_CLASS = YES_ERROR;
				CLANG_WARN_QUOTED_INCLUDE_IN_FRAMEWORK_HEADER = YES;
				CLANG_WARN_RANGE_LOOP_ANALYSIS = YES;
				CLANG_WARN_STRICT_PROTOTYPES = YES;
				CLANG_WARN_SUSPICIOUS_MOVE = YES;
				CLANG_WARN_UNGUARDED_AVAILABILITY = YES_AGGRESSIVE;
				CLANG_WARN_UNREACHABLE_CODE = YES;
				CLANG_WARN__DUPLICATE_METHOD_MATCH = YES;
				COPY_PHASE_STRIP = NO;
				DEBUG_INFORMATION_FORMAT = "dwarf-with-dsym";
				ENABLE_NS_ASSERTIONS = NO;
				ENABLE_STRICT_OBJC_MSGSEND = YES;
				ENABLE_USER_SCRIPT_SANDBOXING = YES;
				GCC_C_LANGUAGE_STANDARD = gnu17;
				GCC_NO_COMMON_BLOCKS = YES;
				GCC_WARN_64_TO_32_BIT_CONVERSION = YES;
				GCC_WARN_ABOUT_RETURN_TYPE = YES_ERROR;
				GCC_WARN_UNDECLARED_SELECTOR = YES;
				GCC_WARN_UNINITIALIZED_AUTOS = YES_AGGRESSIVE;
				GCC_WARN_UNUSED_FUNCTION = YES;
				GCC_WARN_UNUSED_VARIABLE = YES;
				IPHONEOS_DEPLOYMENT_TARGET = 17.2;
				LOCALIZATION_PREFERS_STRING_CATALOGS = YES;
				MTL_ENABLE_DEBUG_INFO = NO;
				MTL_FAST_MATH = YES;
				SDKROOT = iphoneos;
				SWIFT_COMPILATION_MODE = wholemodule;
				VALIDATE_PRODUCT = YES;
			};
			name = Release;
		};
		2F7821F72B517B6C003ABCCC /* Debug */ = {
			isa = XCBuildConfiguration;
			buildSettings = {
				ASSETCATALOG_COMPILER_APPICON_NAME = AppIcon;
				ASSETCATALOG_COMPILER_GLOBAL_ACCENT_COLOR_NAME = AccentColor;
				CODE_SIGN_IDENTITY = "Apple Development";
				CODE_SIGN_STYLE = Automatic;
				CURRENT_PROJECT_VERSION = 1;
				DEVELOPMENT_TEAM = SH225JG2GM;
				GENERATE_INFOPLIST_FILE = YES;
				INFOPLIST_FILE = RickAndMortyApp/Info.plist;
				INFOPLIST_KEY_UIApplicationSupportsIndirectInputEvents = YES;
				INFOPLIST_KEY_UILaunchStoryboardName = LaunchScreen;
				INFOPLIST_KEY_UISupportedInterfaceOrientations = UIInterfaceOrientationPortrait;
				IPHONEOS_DEPLOYMENT_TARGET = 17.2;
				LD_RUNPATH_SEARCH_PATHS = (
					"$(inherited)",
					"@executable_path/Frameworks",
				);
				MARKETING_VERSION = 1.0;
				PRODUCT_BUNDLE_IDENTIFIER = MikheilMuchaide.RickAndMortyApp;
				PRODUCT_NAME = "$(TARGET_NAME)";
				PROVISIONING_PROFILE_SPECIFIER = "";
				SWIFT_EMIT_LOC_STRINGS = YES;
				SWIFT_VERSION = 5.0;
				TARGETED_DEVICE_FAMILY = "1,2";
			};
			name = Debug;
		};
		2F7821F82B517B6C003ABCCC /* Release */ = {
			isa = XCBuildConfiguration;
			buildSettings = {
				ASSETCATALOG_COMPILER_APPICON_NAME = AppIcon;
				ASSETCATALOG_COMPILER_GLOBAL_ACCENT_COLOR_NAME = AccentColor;
				CODE_SIGN_IDENTITY = "Apple Development";
				CODE_SIGN_STYLE = Automatic;
				CURRENT_PROJECT_VERSION = 1;
				DEVELOPMENT_TEAM = SH225JG2GM;
				GENERATE_INFOPLIST_FILE = YES;
				INFOPLIST_FILE = RickAndMortyApp/Info.plist;
				INFOPLIST_KEY_UIApplicationSupportsIndirectInputEvents = YES;
				INFOPLIST_KEY_UILaunchStoryboardName = LaunchScreen;
				INFOPLIST_KEY_UISupportedInterfaceOrientations = UIInterfaceOrientationPortrait;
				IPHONEOS_DEPLOYMENT_TARGET = 17.2;
				LD_RUNPATH_SEARCH_PATHS = (
					"$(inherited)",
					"@executable_path/Frameworks",
				);
				MARKETING_VERSION = 1.0;
				PRODUCT_BUNDLE_IDENTIFIER = MikheilMuchaide.RickAndMortyApp;
				PRODUCT_NAME = "$(TARGET_NAME)";
				PROVISIONING_PROFILE_SPECIFIER = "";
				SWIFT_EMIT_LOC_STRINGS = YES;
				SWIFT_VERSION = 5.0;
				TARGETED_DEVICE_FAMILY = "1,2";
			};
			name = Release;
		};
		2F7821FA2B517B6C003ABCCC /* Debug */ = {
			isa = XCBuildConfiguration;
			buildSettings = {
				ALWAYS_EMBED_SWIFT_STANDARD_LIBRARIES = YES;
				BUNDLE_LOADER = "$(TEST_HOST)";
				CODE_SIGN_STYLE = Automatic;
				CURRENT_PROJECT_VERSION = 1;
				DEVELOPMENT_TEAM = SH225JG2GM;
				GENERATE_INFOPLIST_FILE = YES;
				IPHONEOS_DEPLOYMENT_TARGET = 17.2;
				MARKETING_VERSION = 1.0;
				PRODUCT_BUNDLE_IDENTIFIER = MikheilMuchaidze.RickAndMortyAppTests;
				PRODUCT_NAME = "$(TARGET_NAME)";
				SWIFT_EMIT_LOC_STRINGS = NO;
				SWIFT_VERSION = 5.0;
				TARGETED_DEVICE_FAMILY = "1,2";
				TEST_HOST = "$(BUILT_PRODUCTS_DIR)/RickAndMortyApp.app/$(BUNDLE_EXECUTABLE_FOLDER_PATH)/RickAndMortyApp";
			};
			name = Debug;
		};
		2F7821FB2B517B6C003ABCCC /* Release */ = {
			isa = XCBuildConfiguration;
			buildSettings = {
				ALWAYS_EMBED_SWIFT_STANDARD_LIBRARIES = YES;
				BUNDLE_LOADER = "$(TEST_HOST)";
				CODE_SIGN_STYLE = Automatic;
				CURRENT_PROJECT_VERSION = 1;
				DEVELOPMENT_TEAM = SH225JG2GM;
				GENERATE_INFOPLIST_FILE = YES;
				IPHONEOS_DEPLOYMENT_TARGET = 17.2;
				MARKETING_VERSION = 1.0;
				PRODUCT_BUNDLE_IDENTIFIER = MikheilMuchaidze.RickAndMortyAppTests;
				PRODUCT_NAME = "$(TARGET_NAME)";
				SWIFT_EMIT_LOC_STRINGS = NO;
				SWIFT_VERSION = 5.0;
				TARGETED_DEVICE_FAMILY = "1,2";
				TEST_HOST = "$(BUILT_PRODUCTS_DIR)/RickAndMortyApp.app/$(BUNDLE_EXECUTABLE_FOLDER_PATH)/RickAndMortyApp";
			};
			name = Release;
		};
		2F7821FD2B517B6C003ABCCC /* Debug */ = {
			isa = XCBuildConfiguration;
			buildSettings = {
				ALWAYS_EMBED_SWIFT_STANDARD_LIBRARIES = YES;
				CODE_SIGN_STYLE = Automatic;
				CURRENT_PROJECT_VERSION = 1;
				DEVELOPMENT_TEAM = SH225JG2GM;
				GENERATE_INFOPLIST_FILE = YES;
				MARKETING_VERSION = 1.0;
				PRODUCT_BUNDLE_IDENTIFIER = MikheilMuchaidze.RickAndMortyAppUITests;
				PRODUCT_NAME = "$(TARGET_NAME)";
				SWIFT_EMIT_LOC_STRINGS = NO;
				SWIFT_VERSION = 5.0;
				TARGETED_DEVICE_FAMILY = "1,2";
				TEST_TARGET_NAME = RickAndMortyApp;
			};
			name = Debug;
		};
		2F7821FE2B517B6C003ABCCC /* Release */ = {
			isa = XCBuildConfiguration;
			buildSettings = {
				ALWAYS_EMBED_SWIFT_STANDARD_LIBRARIES = YES;
				CODE_SIGN_STYLE = Automatic;
				CURRENT_PROJECT_VERSION = 1;
				DEVELOPMENT_TEAM = SH225JG2GM;
				GENERATE_INFOPLIST_FILE = YES;
				MARKETING_VERSION = 1.0;
				PRODUCT_BUNDLE_IDENTIFIER = MikheilMuchaidze.RickAndMortyAppUITests;
				PRODUCT_NAME = "$(TARGET_NAME)";
				SWIFT_EMIT_LOC_STRINGS = NO;
				SWIFT_VERSION = 5.0;
				TARGETED_DEVICE_FAMILY = "1,2";
				TEST_TARGET_NAME = RickAndMortyApp;
			};
			name = Release;
		};
/* End XCBuildConfiguration section */

/* Begin XCConfigurationList section */
		2F7821C72B517B68003ABCCC /* Build configuration list for PBXProject "RickAndMortyApp" */ = {
			isa = XCConfigurationList;
			buildConfigurations = (
				2F7821F42B517B6C003ABCCC /* Debug */,
				2F7821F52B517B6C003ABCCC /* Release */,
			);
			defaultConfigurationIsVisible = 0;
			defaultConfigurationName = Release;
		};
		2F7821F62B517B6C003ABCCC /* Build configuration list for PBXNativeTarget "RickAndMortyApp" */ = {
			isa = XCConfigurationList;
			buildConfigurations = (
				2F7821F72B517B6C003ABCCC /* Debug */,
				2F7821F82B517B6C003ABCCC /* Release */,
			);
			defaultConfigurationIsVisible = 0;
			defaultConfigurationName = Release;
		};
		2F7821F92B517B6C003ABCCC /* Build configuration list for PBXNativeTarget "RickAndMortyAppTests" */ = {
			isa = XCConfigurationList;
			buildConfigurations = (
				2F7821FA2B517B6C003ABCCC /* Debug */,
				2F7821FB2B517B6C003ABCCC /* Release */,
			);
			defaultConfigurationIsVisible = 0;
			defaultConfigurationName = Release;
		};
		2F7821FC2B517B6C003ABCCC /* Build configuration list for PBXNativeTarget "RickAndMortyAppUITests" */ = {
			isa = XCConfigurationList;
			buildConfigurations = (
				2F7821FD2B517B6C003ABCCC /* Debug */,
				2F7821FE2B517B6C003ABCCC /* Release */,
			);
			defaultConfigurationIsVisible = 0;
			defaultConfigurationName = Release;
		};
/* End XCConfigurationList section */
	};
	rootObject = 2F7821C42B517B68003ABCCC /* Project object */;
}
